
Microsoft Visual Studio Solution File, Format Version 12.00
# Visual Studio 15
VisualStudioVersion = 15.0.27428.2027
MinimumVisualStudioVersion = 10.0.40219.1
Project("{9A19103F-16F7-4668-BE54-9A1E7A4F7556}") = "05Threads", "BetlabHomework\05Threads.csproj", "{5BBD9171-A67F-44FE-9CCF-61683BD05D93}"
EndProject
Project("{9A19103F-16F7-4668-BE54-9A1E7A4F7556}") = "04ConditionalStatementsСycles", "ConditionalStatementsСycles\04ConditionalStatementsСycles.csproj", "{3370DA5C-4058-4668-B9A4-429D8B8AD40A}"
EndProject
Project("{9A19103F-16F7-4668-BE54-9A1E7A4F7556}") = "0103ClassConstructor", "Homework\0103ClassConstructor.csproj", "{0DCEF2C3-5B2B-41B2-8161-EF7E1BAE802D}"
EndProject
Project("{9A19103F-16F7-4668-BE54-9A1E7A4F7556}") = "02Valuereference", "Homework2\02Valuereference.csproj", "{48F6E374-6BA8-484D-A72C-A3205CE8F19E}"
EndProject
Project("{FAE04EC0-301F-11D3-BF4B-00C04F79EFBC}") = "Calculator", "Calculator\Calculator.csproj", "{7844E81C-436E-40D5-8B89-73089CA9232E}"
EndProject
Global
	GlobalSection(SolutionConfigurationPlatforms) = preSolution
		Debug|Any CPU = Debug|Any CPU
		Release|Any CPU = Release|Any CPU
	EndGlobalSection
	GlobalSection(ProjectConfigurationPlatforms) = postSolution
		{5BBD9171-A67F-44FE-9CCF-61683BD05D93}.Debug|Any CPU.ActiveCfg = Debug|Any CPU
		{5BBD9171-A67F-44FE-9CCF-61683BD05D93}.Debug|Any CPU.Build.0 = Debug|Any CPU
		{5BBD9171-A67F-44FE-9CCF-61683BD05D93}.Release|Any CPU.ActiveCfg = Release|Any CPU
		{5BBD9171-A67F-44FE-9CCF-61683BD05D93}.Release|Any CPU.Build.0 = Release|Any CPU
		{3370DA5C-4058-4668-B9A4-429D8B8AD40A}.Debug|Any CPU.ActiveCfg = Debug|Any CPU
		{3370DA5C-4058-4668-B9A4-429D8B8AD40A}.Debug|Any CPU.Build.0 = Debug|Any CPU
		{3370DA5C-4058-4668-B9A4-429D8B8AD40A}.Release|Any CPU.ActiveCfg = Release|Any CPU
		{3370DA5C-4058-4668-B9A4-429D8B8AD40A}.Release|Any CPU.Build.0 = Release|Any CPU
		{0DCEF2C3-5B2B-41B2-8161-EF7E1BAE802D}.Debug|Any CPU.ActiveCfg = Debug|Any CPU
		{0DCEF2C3-5B2B-41B2-8161-EF7E1BAE802D}.Debug|Any CPU.Build.0 = Debug|Any CPU
		{0DCEF2C3-5B2B-41B2-8161-EF7E1BAE802D}.Release|Any CPU.ActiveCfg = Release|Any CPU
		{0DCEF2C3-5B2B-41B2-8161-EF7E1BAE802D}.Release|Any CPU.Build.0 = Release|Any CPU
		{48F6E374-6BA8-484D-A72C-A3205CE8F19E}.Debug|Any CPU.ActiveCfg = Debug|Any CPU
		{48F6E374-6BA8-484D-A72C-A3205CE8F19E}.Debug|Any CPU.Build.0 = Debug|Any CPU
		{48F6E374-6BA8-484D-A72C-A3205CE8F19E}.Release|Any CPU.ActiveCfg = Release|Any CPU
		{48F6E374-6BA8-484D-A72C-A3205CE8F19E}.Release|Any CPU.Build.0 = Release|Any CPU
		{7844E81C-436E-40D5-8B89-73089CA9232E}.Debug|Any CPU.ActiveCfg = Debug|Any CPU
		{7844E81C-436E-40D5-8B89-73089CA9232E}.Debug|Any CPU.Build.0 = Debug|Any CPU
		{7844E81C-436E-40D5-8B89-73089CA9232E}.Release|Any CPU.ActiveCfg = Release|Any CPU
		{7844E81C-436E-40D5-8B89-73089CA9232E}.Release|Any CPU.Build.0 = Release|Any CPU
	EndGlobalSection
	GlobalSection(SolutionProperties) = preSolution
		HideSolutionNode = FALSE
	EndGlobalSection
	GlobalSection(ExtensibilityGlobals) = postSolution
		SolutionGuid = {4F089942-0E24-4CA6-8132-29AAD8F6B064}
	EndGlobalSection
EndGlobal
